# THIS IS AN AUTOGENERATED FILE. DO NOT EDIT THIS FILE DIRECTLY.
# yarn lockfile v1


three@^0.178.0:
  version "0.178.0"
  resolved "https://registry.yarnpkg.com/three/-/three-0.178.0.tgz#470fb4bc35bc0782dfe9a2c9b157fcbc1944bc44"
  integrity sha512-ybFIB0+x8mz0wnZgSGy2MO/WCO6xZhQSZnmfytSPyNpM0sBafGRVhdaj+erYh5U+RhQOAg/eXqw5uVDiM2BjhQ==
